// !$*UTF8*$!
{
	archiveVersion = 1;
	classes = {
	};
	objectVersion = 46;
	objects = {

/* Begin PBXBuildFile section */
		3B0EF56A1E8C7BE400992545 /* BillableCell.xib in Resources */ = {isa = PBXBuildFile; fileRef = 3B0EF5691E8C7BE400992545 /* BillableCell.xib */; };
		3B0EF56E1E8E2E1C00992545 /* Utilities.swift in Sources */ = {isa = PBXBuildFile; fileRef = 3B0EF56D1E8E2E1C00992545 /* Utilities.swift */; };
		3B3D69511E79422100627365 /* WorkerTableViewDelegate.swift in Sources */ = {isa = PBXBuildFile; fileRef = 3B3D69501E79422100627365 /* WorkerTableViewDelegate.swift */; };
		3B3D69541E79496400627365 /* TimeCardViewController.swift in Sources */ = {isa = PBXBuildFile; fileRef = 3B3D69531E79496400627365 /* TimeCardViewController.swift */; };
		3B44B8801EB3C6740057671E /* BillableCellTableViewCell.swift in Sources */ = {isa = PBXBuildFile; fileRef = 3B44B87F1EB3C6740057671E /* BillableCellTableViewCell.swift */; };
		3B44B8821EB3CA740057671E /* BillableDataSource.swift in Sources */ = {isa = PBXBuildFile; fileRef = 3B44B8811EB3CA740057671E /* BillableDataSource.swift */; };
		3B44B8841EB40AEC0057671E /* BillableTableDelegate.swift in Sources */ = {isa = PBXBuildFile; fileRef = 3B44B8831EB40AEC0057671E /* BillableTableDelegate.swift */; };
		3B6276FE1E83E161009B1B89 /* Billable.swift in Sources */ = {isa = PBXBuildFile; fileRef = 3B6276FD1E83E161009B1B89 /* Billable.swift */; };
		3B679B3B1E57D6130095DF7D /* Project.swift in Sources */ = {isa = PBXBuildFile; fileRef = 3B679B3A1E57D6130095DF7D /* Project.swift */; };
		3B679B3E1E5D89570095DF7D /* TransportMgr.swift in Sources */ = {isa = PBXBuildFile; fileRef = 3B679B3D1E5D89570095DF7D /* TransportMgr.swift */; };
		3B6C3FFB1E7E590F006F773F /* NavigationViewController.swift in Sources */ = {isa = PBXBuildFile; fileRef = 3B6C3FFA1E7E590F006F773F /* NavigationViewController.swift */; };
		3B70A37D1E6965960036407C /* GoogleService-Info.plist in Resources */ = {isa = PBXBuildFile; fileRef = 3B70A37C1E6965960036407C /* GoogleService-Info.plist */; };
		3B8197A91E7C7A2B000D55A9 /* ContainerViewController.swift in Sources */ = {isa = PBXBuildFile; fileRef = 3B8197A81E7C7A2B000D55A9 /* ContainerViewController.swift */; };
		3B9665D91E559CC20094D74A /* AppDelegate.swift in Sources */ = {isa = PBXBuildFile; fileRef = 3B9665D81E559CC20094D74A /* AppDelegate.swift */; };
		3B9665DB1E559CC20094D74A /* ViewController.swift in Sources */ = {isa = PBXBuildFile; fileRef = 3B9665DA1E559CC20094D74A /* ViewController.swift */; };
		3B9665DE1E559CC20094D74A /* Main.storyboard in Resources */ = {isa = PBXBuildFile; fileRef = 3B9665DC1E559CC20094D74A /* Main.storyboard */; };
		3B9665E01E559CC20094D74A /* Assets.xcassets in Resources */ = {isa = PBXBuildFile; fileRef = 3B9665DF1E559CC20094D74A /* Assets.xcassets */; };
		3B9665E31E559CC20094D74A /* LaunchScreen.storyboard in Resources */ = {isa = PBXBuildFile; fileRef = 3B9665E11E559CC20094D74A /* LaunchScreen.storyboard */; };
		3B9665EB1E559D6F0094D74A /* WorkerViewController.swift in Sources */ = {isa = PBXBuildFile; fileRef = 3B9665EA1E559D6F0094D74A /* WorkerViewController.swift */; };
		3B9665EE1E559DD30094D74A /* ProjectViewController.swift in Sources */ = {isa = PBXBuildFile; fileRef = 3B9665ED1E559DD30094D74A /* ProjectViewController.swift */; };
		3B9665F01E55AB160094D74A /* Notifications.swift in Sources */ = {isa = PBXBuildFile; fileRef = 3B9665EF1E55AB160094D74A /* Notifications.swift */; };
		3B9665F31E55D2610094D74A /* AddProjectViewController.swift in Sources */ = {isa = PBXBuildFile; fileRef = 3B9665F21E55D2610094D74A /* AddProjectViewController.swift */; };
		3BB632241E723B8B0003CEA1 /* AddWorkerViewController.swift in Sources */ = {isa = PBXBuildFile; fileRef = 3BB632231E723B8B0003CEA1 /* AddWorkerViewController.swift */; };
		3BCEA41C1E73680500BCFE88 /* CurrencyTextFieldDelegate.swift in Sources */ = {isa = PBXBuildFile; fileRef = 3BCEA41B1E73680500BCFE88 /* CurrencyTextFieldDelegate.swift */; };
		3BCEA41E1E73E1F100BCFE88 /* WorkerFieldValidations.swift in Sources */ = {isa = PBXBuildFile; fileRef = 3BCEA41D1E73E1F100BCFE88 /* WorkerFieldValidations.swift */; };
		3BCEA4201E77C84800BCFE88 /* Worker.swift in Sources */ = {isa = PBXBuildFile; fileRef = 3BCEA41F1E77C84800BCFE88 /* Worker.swift */; };
		3BCEA4221E77E44100BCFE88 /* WorkerDataSource.swift in Sources */ = {isa = PBXBuildFile; fileRef = 3BCEA4211E77E44100BCFE88 /* WorkerDataSource.swift */; };
		3BDB7A341E57AF1C005E9DC7 /* AddProjectTableViewDelegate.swift in Sources */ = {isa = PBXBuildFile; fileRef = 3BDB7A331E57AF1C005E9DC7 /* AddProjectTableViewDelegate.swift */; };
		3BE4850C1E5711B90037A3E8 /* ProjectDataSource.swift in Sources */ = {isa = PBXBuildFile; fileRef = 3BE4850B1E5711B90037A3E8 /* ProjectDataSource.swift */; };
		3BE4850E1E5713A90037A3E8 /* ProjectTableViewDelegate.swift in Sources */ = {isa = PBXBuildFile; fileRef = 3BE4850D1E5713A90037A3E8 /* ProjectTableViewDelegate.swift */; };
		3BEA91741E7CAC6200726DA0 /* MenuViewController.swift in Sources */ = {isa = PBXBuildFile; fileRef = 3BEA91731E7CAC6200726DA0 /* MenuViewController.swift */; };
		83D9B3E3C168AAC9CA80FAE4 /* Pods_Lah.framework in Frameworks */ = {isa = PBXBuildFile; fileRef = 96643590B54C0A3D94CD8984 /* Pods_Lah.framework */; };
/* End PBXBuildFile section */

/* Begin PBXFileReference section */
		235F065BF647671CD78B065D /* Pods-Lah.release.xcconfig */ = {isa = PBXFileReference; includeInIndex = 1; lastKnownFileType = text.xcconfig; name = "Pods-Lah.release.xcconfig"; path = "Pods/Target Support Files/Pods-Lah/Pods-Lah.release.xcconfig"; sourceTree = "<group>"; };
		3B0EF5691E8C7BE400992545 /* BillableCell.xib */ = {isa = PBXFileReference; fileEncoding = 4; lastKnownFileType = file.xib; name = BillableCell.xib; path = vc/BillableCell.xib; sourceTree = "<group>"; };
		3B0EF56D1E8E2E1C00992545 /* Utilities.swift */ = {isa = PBXFileReference; fileEncoding = 4; lastKnownFileType = sourcecode.swift; name = Utilities.swift; path = misc/Utilities.swift; sourceTree = "<group>"; };
		3B3D69501E79422100627365 /* WorkerTableViewDelegate.swift */ = {isa = PBXFileReference; fileEncoding = 4; lastKnownFileType = sourcecode.swift; name = WorkerTableViewDelegate.swift; path = vc/WorkerTableViewDelegate.swift; sourceTree = "<group>"; };
		3B3D69531E79496400627365 /* TimeCardViewController.swift */ = {isa = PBXFileReference; fileEncoding = 4; lastKnownFileType = sourcecode.swift; name = TimeCardViewController.swift; path = vc/TimeCardViewController.swift; sourceTree = "<group>"; };
		3B44B87F1EB3C6740057671E /* BillableCellTableViewCell.swift */ = {isa = PBXFileReference; fileEncoding = 4; lastKnownFileType = sourcecode.swift; name = BillableCellTableViewCell.swift; path = vc/BillableCellTableViewCell.swift; sourceTree = "<group>"; };
		3B44B8811EB3CA740057671E /* BillableDataSource.swift */ = {isa = PBXFileReference; fileEncoding = 4; lastKnownFileType = sourcecode.swift; name = BillableDataSource.swift; path = vc/BillableDataSource.swift; sourceTree = "<group>"; };
		3B44B8831EB40AEC0057671E /* BillableTableDelegate.swift */ = {isa = PBXFileReference; fileEncoding = 4; lastKnownFileType = sourcecode.swift; name = BillableTableDelegate.swift; path = vc/BillableTableDelegate.swift; sourceTree = "<group>"; };
		3B6276FD1E83E161009B1B89 /* Billable.swift */ = {isa = PBXFileReference; fileEncoding = 4; lastKnownFileType = sourcecode.swift; name = Billable.swift; path = models/Billable.swift; sourceTree = "<group>"; };
		3B679B3A1E57D6130095DF7D /* Project.swift */ = {isa = PBXFileReference; fileEncoding = 4; lastKnownFileType = sourcecode.swift; name = Project.swift; path = models/Project.swift; sourceTree = "<group>"; };
		3B679B3D1E5D89570095DF7D /* TransportMgr.swift */ = {isa = PBXFileReference; fileEncoding = 4; lastKnownFileType = sourcecode.swift; name = TransportMgr.swift; path = transport/TransportMgr.swift; sourceTree = "<group>"; };
		3B6C3FFA1E7E590F006F773F /* NavigationViewController.swift */ = {isa = PBXFileReference; fileEncoding = 4; lastKnownFileType = sourcecode.swift; name = NavigationViewController.swift; path = vc/NavigationViewController.swift; sourceTree = "<group>"; };
		3B70A37C1E6965960036407C /* GoogleService-Info.plist */ = {isa = PBXFileReference; fileEncoding = 4; lastKnownFileType = text.plist.xml; path = "GoogleService-Info.plist"; sourceTree = "<group>"; };
		3B8197A81E7C7A2B000D55A9 /* ContainerViewController.swift */ = {isa = PBXFileReference; fileEncoding = 4; lastKnownFileType = sourcecode.swift; name = ContainerViewController.swift; path = vc/ContainerViewController.swift; sourceTree = "<group>"; };
		3B9665D51E559CC20094D74A /* Lah.app */ = {isa = PBXFileReference; explicitFileType = wrapper.application; includeInIndex = 0; path = Lah.app; sourceTree = BUILT_PRODUCTS_DIR; };
		3B9665D81E559CC20094D74A /* AppDelegate.swift */ = {isa = PBXFileReference; lastKnownFileType = sourcecode.swift; path = AppDelegate.swift; sourceTree = "<group>"; };
		3B9665DA1E559CC20094D74A /* ViewController.swift */ = {isa = PBXFileReference; lastKnownFileType = sourcecode.swift; path = ViewController.swift; sourceTree = "<group>"; };
		3B9665DD1E559CC20094D74A /* Base */ = {isa = PBXFileReference; lastKnownFileType = file.storyboard; name = Base; path = Base.lproj/Main.storyboard; sourceTree = "<group>"; };
		3B9665DF1E559CC20094D74A /* Assets.xcassets */ = {isa = PBXFileReference; lastKnownFileType = folder.assetcatalog; path = Assets.xcassets; sourceTree = "<group>"; };
		3B9665E21E559CC20094D74A /* Base */ = {isa = PBXFileReference; lastKnownFileType = file.storyboard; name = Base; path = Base.lproj/LaunchScreen.storyboard; sourceTree = "<group>"; };
		3B9665E41E559CC20094D74A /* Info.plist */ = {isa = PBXFileReference; lastKnownFileType = text.plist.xml; path = Info.plist; sourceTree = "<group>"; };
		3B9665EA1E559D6F0094D74A /* WorkerViewController.swift */ = {isa = PBXFileReference; fileEncoding = 4; lastKnownFileType = sourcecode.swift; name = WorkerViewController.swift; path = vc/WorkerViewController.swift; sourceTree = "<group>"; };
		3B9665ED1E559DD30094D74A /* ProjectViewController.swift */ = {isa = PBXFileReference; fileEncoding = 4; lastKnownFileType = sourcecode.swift; name = ProjectViewController.swift; path = vc/ProjectViewController.swift; sourceTree = "<group>"; };
		3B9665EF1E55AB160094D74A /* Notifications.swift */ = {isa = PBXFileReference; fileEncoding = 4; lastKnownFileType = sourcecode.swift; name = Notifications.swift; path = misc/Notifications.swift; sourceTree = "<group>"; };
		3B9665F21E55D2610094D74A /* AddProjectViewController.swift */ = {isa = PBXFileReference; fileEncoding = 4; lastKnownFileType = sourcecode.swift; name = AddProjectViewController.swift; path = vc/AddProjectViewController.swift; sourceTree = "<group>"; };
		3BB632231E723B8B0003CEA1 /* AddWorkerViewController.swift */ = {isa = PBXFileReference; fileEncoding = 4; lastKnownFileType = sourcecode.swift; name = AddWorkerViewController.swift; path = vc/AddWorkerViewController.swift; sourceTree = "<group>"; };
		3BCEA41B1E73680500BCFE88 /* CurrencyTextFieldDelegate.swift */ = {isa = PBXFileReference; fileEncoding = 4; lastKnownFileType = sourcecode.swift; name = CurrencyTextFieldDelegate.swift; path = vc/CurrencyTextFieldDelegate.swift; sourceTree = "<group>"; };
		3BCEA41D1E73E1F100BCFE88 /* WorkerFieldValidations.swift */ = {isa = PBXFileReference; fileEncoding = 4; lastKnownFileType = sourcecode.swift; path = WorkerFieldValidations.swift; sourceTree = "<group>"; };
		3BCEA41F1E77C84800BCFE88 /* Worker.swift */ = {isa = PBXFileReference; fileEncoding = 4; lastKnownFileType = sourcecode.swift; name = Worker.swift; path = models/Worker.swift; sourceTree = "<group>"; };
		3BCEA4211E77E44100BCFE88 /* WorkerDataSource.swift */ = {isa = PBXFileReference; fileEncoding = 4; lastKnownFileType = sourcecode.swift; name = WorkerDataSource.swift; path = vc/WorkerDataSource.swift; sourceTree = "<group>"; };
		3BDB7A331E57AF1C005E9DC7 /* AddProjectTableViewDelegate.swift */ = {isa = PBXFileReference; fileEncoding = 4; lastKnownFileType = sourcecode.swift; name = AddProjectTableViewDelegate.swift; path = vc/AddProjectTableViewDelegate.swift; sourceTree = "<group>"; };
		3BE4850B1E5711B90037A3E8 /* ProjectDataSource.swift */ = {isa = PBXFileReference; fileEncoding = 4; lastKnownFileType = sourcecode.swift; name = ProjectDataSource.swift; path = vc/ProjectDataSource.swift; sourceTree = "<group>"; };
		3BE4850D1E5713A90037A3E8 /* ProjectTableViewDelegate.swift */ = {isa = PBXFileReference; fileEncoding = 4; lastKnownFileType = sourcecode.swift; name = ProjectTableViewDelegate.swift; path = vc/ProjectTableViewDelegate.swift; sourceTree = "<group>"; };
		3BEA91731E7CAC6200726DA0 /* MenuViewController.swift */ = {isa = PBXFileReference; fileEncoding = 4; lastKnownFileType = sourcecode.swift; name = MenuViewController.swift; path = vc/MenuViewController.swift; sourceTree = "<group>"; };
		958BE1A0D247CF1C9F0C7B00 /* Pods-Lah.debug.xcconfig */ = {isa = PBXFileReference; includeInIndex = 1; lastKnownFileType = text.xcconfig; name = "Pods-Lah.debug.xcconfig"; path = "Pods/Target Support Files/Pods-Lah/Pods-Lah.debug.xcconfig"; sourceTree = "<group>"; };
		96643590B54C0A3D94CD8984 /* Pods_Lah.framework */ = {isa = PBXFileReference; explicitFileType = wrapper.framework; includeInIndex = 0; path = Pods_Lah.framework; sourceTree = BUILT_PRODUCTS_DIR; };
/* End PBXFileReference section */

/* Begin PBXFrameworksBuildPhase section */
		3B9665D21E559CC20094D74A /* Frameworks */ = {
			isa = PBXFrameworksBuildPhase;
			buildActionMask = 2147483647;
			files = (
				83D9B3E3C168AAC9CA80FAE4 /* Pods_Lah.framework in Frameworks */,
			);
			runOnlyForDeploymentPostprocessing = 0;
		};
/* End PBXFrameworksBuildPhase section */

/* Begin PBXGroup section */
		3B3D69521E7944C900627365 /* worker */ = {
			isa = PBXGroup;
			children = (
				3B0EF5691E8C7BE400992545 /* BillableCell.xib */,
				3B9665EA1E559D6F0094D74A /* WorkerViewController.swift */,
				3BB632231E723B8B0003CEA1 /* AddWorkerViewController.swift */,
				3BCEA41B1E73680500BCFE88 /* CurrencyTextFieldDelegate.swift */,
				3BCEA41D1E73E1F100BCFE88 /* WorkerFieldValidations.swift */,
				3BCEA4211E77E44100BCFE88 /* WorkerDataSource.swift */,
				3B3D69501E79422100627365 /* WorkerTableViewDelegate.swift */,
				3B3D69531E79496400627365 /* TimeCardViewController.swift */,
				3B44B8811EB3CA740057671E /* BillableDataSource.swift */,
				3B44B87F1EB3C6740057671E /* BillableCellTableViewCell.swift */,
				3B44B8831EB40AEC0057671E /* BillableTableDelegate.swift */,
			);
			name = worker;
			sourceTree = "<group>";
		};
		3B679B3C1E5D890D0095DF7D /* transport */ = {
			isa = PBXGroup;
			children = (
				3B679B3D1E5D89570095DF7D /* TransportMgr.swift */,
			);
			name = transport;
			sourceTree = "<group>";
		};
		3B8197A71E7C79EA000D55A9 /* slide */ = {
			isa = PBXGroup;
			children = (
				3B8197A81E7C7A2B000D55A9 /* ContainerViewController.swift */,
				3BEA91731E7CAC6200726DA0 /* MenuViewController.swift */,
				3B6C3FFA1E7E590F006F773F /* NavigationViewController.swift */,
			);
			name = slide;
			sourceTree = "<group>";
		};
		3B9665CC1E559CC10094D74A = {
			isa = PBXGroup;
			children = (
				3B9665D71E559CC20094D74A /* Lah */,
				3B9665D61E559CC20094D74A /* Products */,
				43C47F2617AD6B3CABFE5324 /* Pods */,
				4F92338D29A3E5804BF09882 /* Frameworks */,
			);
			sourceTree = "<group>";
		};
		3B9665D61E559CC20094D74A /* Products */ = {
			isa = PBXGroup;
			children = (
				3B9665D51E559CC20094D74A /* Lah.app */,
			);
			name = Products;
			sourceTree = "<group>";
		};
		3B9665D71E559CC20094D74A /* Lah */ = {
			isa = PBXGroup;
			children = (
				3B70A37C1E6965960036407C /* GoogleService-Info.plist */,
				3B679B3C1E5D890D0095DF7D /* transport */,
				3B9665F11E55B6B80094D74A /* models */,
				3B9665EC1E559D760094D74A /* vc */,
				3B9665D81E559CC20094D74A /* AppDelegate.swift */,
				3B9665DA1E559CC20094D74A /* ViewController.swift */,
				3B9665DC1E559CC20094D74A /* Main.storyboard */,
				3B9665DF1E559CC20094D74A /* Assets.xcassets */,
				3B9665E11E559CC20094D74A /* LaunchScreen.storyboard */,
				3B9665E41E559CC20094D74A /* Info.plist */,
				3B0EF56D1E8E2E1C00992545 /* Utilities.swift */,
			);
			path = Lah;
			sourceTree = "<group>";
		};
		3B9665EC1E559D760094D74A /* vc */ = {
			isa = PBXGroup;
			children = (
				3B8197A71E7C79EA000D55A9 /* slide */,
				3B3D69521E7944C900627365 /* worker */,
				3BB632221E723B050003CEA1 /* project */,
				3B9665EF1E55AB160094D74A /* Notifications.swift */,
			);
			name = vc;
			sourceTree = "<group>";
		};
		3B9665F11E55B6B80094D74A /* models */ = {
			isa = PBXGroup;
			children = (
				3B679B3A1E57D6130095DF7D /* Project.swift */,
				3BCEA41F1E77C84800BCFE88 /* Worker.swift */,
				3B6276FD1E83E161009B1B89 /* Billable.swift */,
			);
			name = models;
			sourceTree = "<group>";
		};
		3BB632221E723B050003CEA1 /* project */ = {
			isa = PBXGroup;
			children = (
				3B9665ED1E559DD30094D74A /* ProjectViewController.swift */,
				3BE4850B1E5711B90037A3E8 /* ProjectDataSource.swift */,
				3BE4850D1E5713A90037A3E8 /* ProjectTableViewDelegate.swift */,
				3B9665F21E55D2610094D74A /* AddProjectViewController.swift */,
				3BDB7A331E57AF1C005E9DC7 /* AddProjectTableViewDelegate.swift */,
			);
			name = project;
			sourceTree = "<group>";
		};
		43C47F2617AD6B3CABFE5324 /* Pods */ = {
			isa = PBXGroup;
			children = (
				958BE1A0D247CF1C9F0C7B00 /* Pods-Lah.debug.xcconfig */,
				235F065BF647671CD78B065D /* Pods-Lah.release.xcconfig */,
			);
			name = Pods;
			sourceTree = "<group>";
		};
		4F92338D29A3E5804BF09882 /* Frameworks */ = {
			isa = PBXGroup;
			children = (
				96643590B54C0A3D94CD8984 /* Pods_Lah.framework */,
			);
			name = Frameworks;
			sourceTree = "<group>";
		};
/* End PBXGroup section */

/* Begin PBXNativeTarget section */
		3B9665D41E559CC20094D74A /* Lah */ = {
			isa = PBXNativeTarget;
			buildConfigurationList = 3B9665E71E559CC20094D74A /* Build configuration list for PBXNativeTarget "Lah" */;
			buildPhases = (
				CA16591DE1DA7CC9829FF830 /* [CP] Check Pods Manifest.lock */,
				3B9665D11E559CC20094D74A /* Sources */,
				3B9665D21E559CC20094D74A /* Frameworks */,
				3B9665D31E559CC20094D74A /* Resources */,
				0C6E916AD59040131E98F08F /* [CP] Embed Pods Frameworks */,
				532BDECE654303F406105745 /* [CP] Copy Pods Resources */,
			);
			buildRules = (
			);
			dependencies = (
			);
			name = Lah;
			productName = Lah;
			productReference = 3B9665D51E559CC20094D74A /* Lah.app */;
			productType = "com.apple.product-type.application";
		};
/* End PBXNativeTarget section */

/* Begin PBXProject section */
		3B9665CD1E559CC10094D74A /* Project object */ = {
			isa = PBXProject;
			attributes = {
				LastSwiftUpdateCheck = 0820;
				LastUpgradeCheck = 0820;
				ORGANIZATIONNAME = "Pego Consulting";
				TargetAttributes = {
					3B9665D41E559CC20094D74A = {
						CreatedOnToolsVersion = 8.2.1;
						DevelopmentTeam = 2473KE85XF;
						ProvisioningStyle = Automatic;
					};
				};
			};
			buildConfigurationList = 3B9665D01E559CC10094D74A /* Build configuration list for PBXProject "Lah" */;
			compatibilityVersion = "Xcode 3.2";
			developmentRegion = English;
			hasScannedForEncodings = 0;
			knownRegions = (
				en,
				Base,
			);
			mainGroup = 3B9665CC1E559CC10094D74A;
			productRefGroup = 3B9665D61E559CC20094D74A /* Products */;
			projectDirPath = "";
			projectRoot = "";
			targets = (
				3B9665D41E559CC20094D74A /* Lah */,
			);
		};
/* End PBXProject section */

/* Begin PBXResourcesBuildPhase section */
		3B9665D31E559CC20094D74A /* Resources */ = {
			isa = PBXResourcesBuildPhase;
			buildActionMask = 2147483647;
			files = (
				3B0EF56A1E8C7BE400992545 /* BillableCell.xib in Resources */,
				3B9665E31E559CC20094D74A /* LaunchScreen.storyboard in Resources */,
				3B70A37D1E6965960036407C /* GoogleService-Info.plist in Resources */,
				3B9665E01E559CC20094D74A /* Assets.xcassets in Resources */,
				3B9665DE1E559CC20094D74A /* Main.storyboard in Resources */,
			);
			runOnlyForDeploymentPostprocessing = 0;
		};
/* End PBXResourcesBuildPhase section */

/* Begin PBXShellScriptBuildPhase section */
		0C6E916AD59040131E98F08F /* [CP] Embed Pods Frameworks */ = {
			isa = PBXShellScriptBuildPhase;
			buildActionMask = 2147483647;
			files = (
			);
			inputPaths = (
			);
			name = "[CP] Embed Pods Frameworks";
			outputPaths = (
			);
			runOnlyForDeploymentPostprocessing = 0;
			shellPath = /bin/sh;
			shellScript = "\"${SRCROOT}/Pods/Target Support Files/Pods-Lah/Pods-Lah-frameworks.sh\"\n";
			showEnvVarsInLog = 0;
		};
		532BDECE654303F406105745 /* [CP] Copy Pods Resources */ = {
			isa = PBXShellScriptBuildPhase;
			buildActionMask = 2147483647;
			files = (
			);
			inputPaths = (
			);
			name = "[CP] Copy Pods Resources";
			outputPaths = (
			);
			runOnlyForDeploymentPostprocessing = 0;
			shellPath = /bin/sh;
			shellScript = "\"${SRCROOT}/Pods/Target Support Files/Pods-Lah/Pods-Lah-resources.sh\"\n";
			showEnvVarsInLog = 0;
		};
		CA16591DE1DA7CC9829FF830 /* [CP] Check Pods Manifest.lock */ = {
			isa = PBXShellScriptBuildPhase;
			buildActionMask = 2147483647;
			files = (
			);
			inputPaths = (
			);
			name = "[CP] Check Pods Manifest.lock";
			outputPaths = (
			);
			runOnlyForDeploymentPostprocessing = 0;
			shellPath = /bin/sh;
			shellScript = "diff \"${PODS_ROOT}/../Podfile.lock\" \"${PODS_ROOT}/Manifest.lock\" > /dev/null\nif [ $? != 0 ] ; then\n    # print error to STDERR\n    echo \"error: The sandbox is not in sync with the Podfile.lock. Run 'pod install' or update your CocoaPods installation.\" >&2\n    exit 1\nfi\n";
			showEnvVarsInLog = 0;
		};
/* End PBXShellScriptBuildPhase section */

/* Begin PBXSourcesBuildPhase section */
		3B9665D11E559CC20094D74A /* Sources */ = {
			isa = PBXSourcesBuildPhase;
			buildActionMask = 2147483647;
			files = (
				3B679B3E1E5D89570095DF7D /* TransportMgr.swift in Sources */,
				3BE4850C1E5711B90037A3E8 /* ProjectDataSource.swift in Sources */,
				3B6276FE1E83E161009B1B89 /* Billable.swift in Sources */,
				3B9665F31E55D2610094D74A /* AddProjectViewController.swift in Sources */,
				3B44B8801EB3C6740057671E /* BillableCellTableViewCell.swift in Sources */,
				3BDB7A341E57AF1C005E9DC7 /* AddProjectTableViewDelegate.swift in Sources */,
				3B44B8841EB40AEC0057671E /* BillableTableDelegate.swift in Sources */,
				3B679B3B1E57D6130095DF7D /* Project.swift in Sources */,
				3B44B8821EB3CA740057671E /* BillableDataSource.swift in Sources */,
				3B9665F01E55AB160094D74A /* Notifications.swift in Sources */,
				3BCEA4221E77E44100BCFE88 /* WorkerDataSource.swift in Sources */,
				3B9665EE1E559DD30094D74A /* ProjectViewController.swift in Sources */,
				3BCEA41E1E73E1F100BCFE88 /* WorkerFieldValidations.swift in Sources */,
				3B9665DB1E559CC20094D74A /* ViewController.swift in Sources */,
				3B9665EB1E559D6F0094D74A /* WorkerViewController.swift in Sources */,
				3B0EF56E1E8E2E1C00992545 /* Utilities.swift in Sources */,
				3BEA91741E7CAC6200726DA0 /* MenuViewController.swift in Sources */,
				3B6C3FFB1E7E590F006F773F /* NavigationViewController.swift in Sources */,
				3B3D69541E79496400627365 /* TimeCardViewController.swift in Sources */,
				3B8197A91E7C7A2B000D55A9 /* ContainerViewController.swift in Sources */,
				3BCEA4201E77C84800BCFE88 /* Worker.swift in Sources */,
				3BCEA41C1E73680500BCFE88 /* CurrencyTextFieldDelegate.swift in Sources */,
				3BE4850E1E5713A90037A3E8 /* ProjectTableViewDelegate.swift in Sources */,
				3BB632241E723B8B0003CEA1 /* AddWorkerViewController.swift in Sources */,
				3B3D69511E79422100627365 /* WorkerTableViewDelegate.swift in Sources */,
				3B9665D91E559CC20094D74A /* AppDelegate.swift in Sources */,
			);
			runOnlyForDeploymentPostprocessing = 0;
		};
/* End PBXSourcesBuildPhase section */

/* Begin PBXVariantGroup section */
		3B9665DC1E559CC20094D74A /* Main.storyboard */ = {
			isa = PBXVariantGroup;
			children = (
				3B9665DD1E559CC20094D74A /* Base */,
			);
			name = Main.storyboard;
			sourceTree = "<group>";
		};
		3B9665E11E559CC20094D74A /* LaunchScreen.storyboard */ = {
			isa = PBXVariantGroup;
			children = (
				3B9665E21E559CC20094D74A /* Base */,
			);
			name = LaunchScreen.storyboard;
			sourceTree = "<group>";
		};
/* End PBXVariantGroup section */

/* Begin XCBuildConfiguration section */
		3B9665E51E559CC20094D74A /* Debug */ = {
			isa = XCBuildConfiguration;
			buildSettings = {
				ALWAYS_SEARCH_USER_PATHS = NO;
				CLANG_ANALYZER_NONNULL = YES;
				CLANG_CXX_LANGUAGE_STANDARD = "gnu++0x";
				CLANG_CXX_LIBRARY = "libc++";
				CLANG_ENABLE_MODULES = YES;
				CLANG_ENABLE_OBJC_ARC = YES;
				CLANG_WARN_BOOL_CONVERSION = YES;
				CLANG_WARN_CONSTANT_CONVERSION = YES;
				CLANG_WARN_DIRECT_OBJC_ISA_USAGE = YES_ERROR;
				CLANG_WARN_DOCUMENTATION_COMMENTS = YES;
				CLANG_WARN_EMPTY_BODY = YES;
				CLANG_WARN_ENUM_CONVERSION = YES;
				CLANG_WARN_INFINITE_RECURSION = YES;
				CLANG_WARN_INT_CONVERSION = YES;
				CLANG_WARN_OBJC_ROOT_CLASS = YES_ERROR;
				CLANG_WARN_SUSPICIOUS_MOVE = YES;
				CLANG_WARN_UNREACHABLE_CODE = YES;
				CLANG_WARN__DUPLICATE_METHOD_MATCH = YES;
				"CODE_SIGN_IDENTITY[sdk=iphoneos*]" = "iPhone Developer";
				COPY_PHASE_STRIP = NO;
				DEBUG_INFORMATION_FORMAT = dwarf;
				ENABLE_STRICT_OBJC_MSGSEND = YES;
				ENABLE_TESTABILITY = YES;
				GCC_C_LANGUAGE_STANDARD = gnu99;
				GCC_DYNAMIC_NO_PIC = NO;
				GCC_NO_COMMON_BLOCKS = YES;
				GCC_OPTIMIZATION_LEVEL = 0;
				GCC_PREPROCESSOR_DEFINITIONS = (
					"DEBUG=1",
					"$(inherited)",
				);
				GCC_WARN_64_TO_32_BIT_CONVERSION = YES;
				GCC_WARN_ABOUT_RETURN_TYPE = YES_ERROR;
				GCC_WARN_UNDECLARED_SELECTOR = YES;
				GCC_WARN_UNINITIALIZED_AUTOS = YES_AGGRESSIVE;
				GCC_WARN_UNUSED_FUNCTION = YES;
				GCC_WARN_UNUSED_VARIABLE = YES;
				IPHONEOS_DEPLOYMENT_TARGET = 10.2;
				MTL_ENABLE_DEBUG_INFO = YES;
				ONLY_ACTIVE_ARCH = YES;
				SDKROOT = iphoneos;
				SWIFT_ACTIVE_COMPILATION_CONDITIONS = DEBUG;
				SWIFT_OPTIMIZATION_LEVEL = "-Onone";
			};
			name = Debug;
		};
		3B9665E61E559CC20094D74A /* Release */ = {
			isa = XCBuildConfiguration;
			buildSettings = {
				ALWAYS_SEARCH_USER_PATHS = NO;
				CLANG_ANALYZER_NONNULL = YES;
				CLANG_CXX_LANGUAGE_STANDARD = "gnu++0x";
				CLANG_CXX_LIBRARY = "libc++";
				CLANG_ENABLE_MODULES = YES;
				CLANG_ENABLE_OBJC_ARC = YES;
				CLANG_WARN_BOOL_CONVERSION = YES;
				CLANG_WARN_CONSTANT_CONVERSION = YES;
				CLANG_WARN_DIRECT_OBJC_ISA_USAGE = YES_ERROR;
				CLANG_WARN_DOCUMENTATION_COMMENTS = YES;
				CLANG_WARN_EMPTY_BODY = YES;
				CLANG_WARN_ENUM_CONVERSION = YES;
				CLANG_WARN_INFINITE_RECURSION = YES;
				CLANG_WARN_INT_CONVERSION = YES;
				CLANG_WARN_OBJC_ROOT_CLASS = YES_ERROR;
				CLANG_WARN_SUSPICIOUS_MOVE = YES;
				CLANG_WARN_UNREACHABLE_CODE = YES;
				CLANG_WARN__DUPLICATE_METHOD_MATCH = YES;
				"CODE_SIGN_IDENTITY[sdk=iphoneos*]" = "iPhone Developer";
				COPY_PHASE_STRIP = NO;
				DEBUG_INFORMATION_FORMAT = "dwarf-with-dsym";
				ENABLE_NS_ASSERTIONS = NO;
				ENABLE_STRICT_OBJC_MSGSEND = YES;
				GCC_C_LANGUAGE_STANDARD = gnu99;
				GCC_NO_COMMON_BLOCKS = YES;
				GCC_WARN_64_TO_32_BIT_CONVERSION = YES;
				GCC_WARN_ABOUT_RETURN_TYPE = YES_ERROR;
				GCC_WARN_UNDECLARED_SELECTOR = YES;
				GCC_WARN_UNINITIALIZED_AUTOS = YES_AGGRESSIVE;
				GCC_WARN_UNUSED_FUNCTION = YES;
				GCC_WARN_UNUSED_VARIABLE = YES;
				IPHONEOS_DEPLOYMENT_TARGET = 10.2;
				MTL_ENABLE_DEBUG_INFO = NO;
				SDKROOT = iphoneos;
				SWIFT_OPTIMIZATION_LEVEL = "-Owholemodule";
				VALIDATE_PRODUCT = YES;
			};
			name = Release;
		};
		3B9665E81E559CC20094D74A /* Debug */ = {
			isa = XCBuildConfiguration;
			baseConfigurationReference = 958BE1A0D247CF1C9F0C7B00 /* Pods-Lah.debug.xcconfig */;
			buildSettings = {
				ASSETCATALOG_COMPILER_APPICON_NAME = AppIcon;
				DEVELOPMENT_TEAM = 2473KE85XF;
				INFOPLIST_FILE = Lah/Info.plist;
				IPHONEOS_DEPLOYMENT_TARGET = 10.0;
				LD_RUNPATH_SEARCH_PATHS = "$(inherited) @executable_path/Frameworks";
				PRODUCT_BUNDLE_IDENTIFIER = com.bluepego.lah;
				PRODUCT_NAME = "$(TARGET_NAME)";
				SWIFT_VERSION = 3.0;
			};
			name = Debug;
		};
		3B9665E91E559CC20094D74A /* Release */ = {
			isa = XCBuildConfiguration;
			baseConfigurationReference = 235F065BF647671CD78B065D /* Pods-Lah.release.xcconfig */;
			buildSettings = {
				ASSETCATALOG_COMPILER_APPICON_NAME = AppIcon;
				DEVELOPMENT_TEAM = 2473KE85XF;
				INFOPLIST_FILE = Lah/Info.plist;
				IPHONEOS_DEPLOYMENT_TARGET = 10.0;
				LD_RUNPATH_SEARCH_PATHS = "$(inherited) @executable_path/Frameworks";
				PRODUCT_BUNDLE_IDENTIFIER = com.bluepego.lah;
				PRODUCT_NAME = "$(TARGET_NAME)";
				SWIFT_VERSION = 3.0;
			};
			name = Release;
		};
/* End XCBuildConfiguration section */

/* Begin XCConfigurationList section */
		3B9665D01E559CC10094D74A /* Build configuration list for PBXProject "Lah" */ = {
			isa = XCConfigurationList;
			buildConfigurations = (
				3B9665E51E559CC20094D74A /* Debug */,
				3B9665E61E559CC20094D74A /* Release */,
			);
			defaultConfigurationIsVisible = 0;
			defaultConfigurationName = Release;
		};
		3B9665E71E559CC20094D74A /* Build configuration list for PBXNativeTarget "Lah" */ = {
			isa = XCConfigurationList;
			buildConfigurations = (
				3B9665E81E559CC20094D74A /* Debug */,
				3B9665E91E559CC20094D74A /* Release */,
			);
			defaultConfigurationIsVisible = 0;
			defaultConfigurationName = Release;
		};
/* End XCConfigurationList section */
	};
	rootObject = 3B9665CD1E559CC10094D74A /* Project object */;
}
